// !$*UTF8*$!
{
	archiveVersion = 1;
	classes = {
	};
	objectVersion = 55;
	objects = {

/* Begin PBXBuildFile section */
		F210EE37281AC4C40091951E /* MainScreenViewModel.swift in Sources */ = {isa = PBXBuildFile; fileRef = F210EE36281AC4C40091951E /* MainScreenViewModel.swift */; };
		F210EE39281ACA980091951E /* AvailableContacts.swift in Sources */ = {isa = PBXBuildFile; fileRef = F210EE38281ACA980091951E /* AvailableContacts.swift */; };
		F210EE3B281AE4630091951E /* WebView.swift in Sources */ = {isa = PBXBuildFile; fileRef = F210EE3A281AE4630091951E /* WebView.swift */; };
		F210EE3E281C37A70091951E /* ComponentFactory.swift in Sources */ = {isa = PBXBuildFile; fileRef = F210EE3D281C37A60091951E /* ComponentFactory.swift */; };
		F210EE44281C99BE0091951E /* BlurredView.swift in Sources */ = {isa = PBXBuildFile; fileRef = F210EE43281C99BE0091951E /* BlurredView.swift */; };
		F210EE46281C9AF20091951E /* ModalView.swift in Sources */ = {isa = PBXBuildFile; fileRef = F210EE45281C9AF20091951E /* ModalView.swift */; };
		F210EE48281CA9960091951E /* ModalViewModel.swift in Sources */ = {isa = PBXBuildFile; fileRef = F210EE47281CA9960091951E /* ModalViewModel.swift */; };
		F210EE4B281CAFA20091951E /* WebViewRepresentable.swift in Sources */ = {isa = PBXBuildFile; fileRef = F210EE4A281CAFA20091951E /* WebViewRepresentable.swift */; };
		F210EE4F281D62DC0091951E /* HorizontalCarouselView.swift in Sources */ = {isa = PBXBuildFile; fileRef = F210EE4E281D62DC0091951E /* HorizontalCarouselView.swift */; };
		F210EE51281D83A60091951E /* AnimatableScroll.swift in Sources */ = {isa = PBXBuildFile; fileRef = F210EE50281D83A60091951E /* AnimatableScroll.swift */; };
		F210EE53281D875D0091951E /* Applications.swift in Sources */ = {isa = PBXBuildFile; fileRef = F210EE52281D875D0091951E /* Applications.swift */; };
		F210EE55281D87680091951E /* TechSkills.swift in Sources */ = {isa = PBXBuildFile; fileRef = F210EE54281D87680091951E /* TechSkills.swift */; };
		F210EE57281DF9B20091951E /* BlurredRectangleView.swift in Sources */ = {isa = PBXBuildFile; fileRef = F210EE56281DF9B20091951E /* BlurredRectangleView.swift */; };
		F210EE60281EC4F40091951E /* ExperienceItem.swift in Sources */ = {isa = PBXBuildFile; fileRef = F210EE5F281EC4F40091951E /* ExperienceItem.swift */; };
		F22E08822818EA4900EB4768 /* String+Utils.swift in Sources */ = {isa = PBXBuildFile; fileRef = F22E08812818EA4900EB4768 /* String+Utils.swift */; };
		F22E08842818F2F300EB4768 /* ProgrammingLanguages.swift in Sources */ = {isa = PBXBuildFile; fileRef = F22E08832818F2F300EB4768 /* ProgrammingLanguages.swift */; };
		F22E08862818F2FA00EB4768 /* MainScreenSubview.swift in Sources */ = {isa = PBXBuildFile; fileRef = F22E08852818F2FA00EB4768 /* MainScreenSubview.swift */; };
		F22E088E281A1E1000EB4768 /* NavigationConfigurator.swift in Sources */ = {isa = PBXBuildFile; fileRef = F22E088D281A1E1000EB4768 /* NavigationConfigurator.swift */; };
		F295BECC2820D2B600B30346 /* HapticsManager.swift in Sources */ = {isa = PBXBuildFile; fileRef = F295BECB2820D2B600B30346 /* HapticsManager.swift */; };
		F295BECE2821942D00B30346 /* TestDummy.swift in Sources */ = {isa = PBXBuildFile; fileRef = F295BECD2821942D00B30346 /* TestDummy.swift */; };
		F2BD66FB2818B7A6009701ED /* AboutMeApp.swift in Sources */ = {isa = PBXBuildFile; fileRef = F2BD66FA2818B7A6009701ED /* AboutMeApp.swift */; };
		F2BD66FD2818B7A6009701ED /* MainScreenView.swift in Sources */ = {isa = PBXBuildFile; fileRef = F2BD66FC2818B7A6009701ED /* MainScreenView.swift */; };
		F2BD66FF2818B7A7009701ED /* Assets.xcassets in Resources */ = {isa = PBXBuildFile; fileRef = F2BD66FE2818B7A7009701ED /* Assets.xcassets */; };
		F2BD67022818B7A7009701ED /* Preview Assets.xcassets in Resources */ = {isa = PBXBuildFile; fileRef = F2BD67012818B7A7009701ED /* Preview Assets.xcassets */; };
		F2BD670C2818B7A7009701ED /* AboutMeTests.swift in Sources */ = {isa = PBXBuildFile; fileRef = F2BD670B2818B7A7009701ED /* AboutMeTests.swift */; };
		F2BD67162818B7A7009701ED /* AboutMeUITests.swift in Sources */ = {isa = PBXBuildFile; fileRef = F2BD67152818B7A7009701ED /* AboutMeUITests.swift */; };
		F2BD67182818B7A7009701ED /* AboutMeUITestsLaunchTests.swift in Sources */ = {isa = PBXBuildFile; fileRef = F2BD67172818B7A7009701ED /* AboutMeUITestsLaunchTests.swift */; };
/* End PBXBuildFile section */

/* Begin PBXContainerItemProxy section */
		F2BD67082818B7A7009701ED /* PBXContainerItemProxy */ = {
			isa = PBXContainerItemProxy;
			containerPortal = F2BD66EF2818B7A6009701ED /* Project object */;
			proxyType = 1;
			remoteGlobalIDString = F2BD66F62818B7A6009701ED;
			remoteInfo = AboutMe;
		};
		F2BD67122818B7A7009701ED /* PBXContainerItemProxy */ = {
			isa = PBXContainerItemProxy;
			containerPortal = F2BD66EF2818B7A6009701ED /* Project object */;
			proxyType = 1;
			remoteGlobalIDString = F2BD66F62818B7A6009701ED;
			remoteInfo = AboutMe;
		};
/* End PBXContainerItemProxy section */

/* Begin PBXFileReference section */
		F210EE36281AC4C40091951E /* MainScreenViewModel.swift */ = {isa = PBXFileReference; lastKnownFileType = sourcecode.swift; path = MainScreenViewModel.swift; sourceTree = "<group>"; };
		F210EE38281ACA980091951E /* AvailableContacts.swift */ = {isa = PBXFileReference; lastKnownFileType = sourcecode.swift; path = AvailableContacts.swift; sourceTree = "<group>"; };
		F210EE3A281AE4630091951E /* WebView.swift */ = {isa = PBXFileReference; lastKnownFileType = sourcecode.swift; path = WebView.swift; sourceTree = "<group>"; };
		F210EE3D281C37A60091951E /* ComponentFactory.swift */ = {isa = PBXFileReference; lastKnownFileType = sourcecode.swift; path = ComponentFactory.swift; sourceTree = "<group>"; };
		F210EE43281C99BE0091951E /* BlurredView.swift */ = {isa = PBXFileReference; lastKnownFileType = sourcecode.swift; path = BlurredView.swift; sourceTree = "<group>"; };
		F210EE45281C9AF20091951E /* ModalView.swift */ = {isa = PBXFileReference; lastKnownFileType = sourcecode.swift; path = ModalView.swift; sourceTree = "<group>"; };
		F210EE47281CA9960091951E /* ModalViewModel.swift */ = {isa = PBXFileReference; lastKnownFileType = sourcecode.swift; path = ModalViewModel.swift; sourceTree = "<group>"; };
		F210EE4A281CAFA20091951E /* WebViewRepresentable.swift */ = {isa = PBXFileReference; lastKnownFileType = sourcecode.swift; path = WebViewRepresentable.swift; sourceTree = "<group>"; };
		F210EE4E281D62DC0091951E /* HorizontalCarouselView.swift */ = {isa = PBXFileReference; lastKnownFileType = sourcecode.swift; path = HorizontalCarouselView.swift; sourceTree = "<group>"; };
		F210EE50281D83A60091951E /* AnimatableScroll.swift */ = {isa = PBXFileReference; lastKnownFileType = sourcecode.swift; path = AnimatableScroll.swift; sourceTree = "<group>"; };
		F210EE52281D875D0091951E /* Applications.swift */ = {isa = PBXFileReference; lastKnownFileType = sourcecode.swift; path = Applications.swift; sourceTree = "<group>"; };
		F210EE54281D87680091951E /* TechSkills.swift */ = {isa = PBXFileReference; lastKnownFileType = sourcecode.swift; path = TechSkills.swift; sourceTree = "<group>"; };
		F210EE56281DF9B20091951E /* BlurredRectangleView.swift */ = {isa = PBXFileReference; lastKnownFileType = sourcecode.swift; path = BlurredRectangleView.swift; sourceTree = "<group>"; };
		F210EE5F281EC4F40091951E /* ExperienceItem.swift */ = {isa = PBXFileReference; lastKnownFileType = sourcecode.swift; path = ExperienceItem.swift; sourceTree = "<group>"; };
		F22E08812818EA4900EB4768 /* String+Utils.swift */ = {isa = PBXFileReference; lastKnownFileType = sourcecode.swift; path = "String+Utils.swift"; sourceTree = "<group>"; };
		F22E08832818F2F300EB4768 /* ProgrammingLanguages.swift */ = {isa = PBXFileReference; lastKnownFileType = sourcecode.swift; path = ProgrammingLanguages.swift; sourceTree = "<group>"; };
		F22E08852818F2FA00EB4768 /* MainScreenSubview.swift */ = {isa = PBXFileReference; lastKnownFileType = sourcecode.swift; path = MainScreenSubview.swift; sourceTree = "<group>"; };
		F22E088D281A1E1000EB4768 /* NavigationConfigurator.swift */ = {isa = PBXFileReference; lastKnownFileType = sourcecode.swift; path = NavigationConfigurator.swift; sourceTree = "<group>"; };
		F295BECB2820D2B600B30346 /* HapticsManager.swift */ = {isa = PBXFileReference; lastKnownFileType = sourcecode.swift; path = HapticsManager.swift; sourceTree = "<group>"; };
		F295BECD2821942D00B30346 /* TestDummy.swift */ = {isa = PBXFileReference; lastKnownFileType = sourcecode.swift; path = TestDummy.swift; sourceTree = "<group>"; };
		F2BD66F72818B7A6009701ED /* AboutMe.app */ = {isa = PBXFileReference; explicitFileType = wrapper.application; includeInIndex = 0; path = AboutMe.app; sourceTree = BUILT_PRODUCTS_DIR; };
		F2BD66FA2818B7A6009701ED /* AboutMeApp.swift */ = {isa = PBXFileReference; lastKnownFileType = sourcecode.swift; path = AboutMeApp.swift; sourceTree = "<group>"; };
		F2BD66FC2818B7A6009701ED /* MainScreenView.swift */ = {isa = PBXFileReference; lastKnownFileType = sourcecode.swift; path = MainScreenView.swift; sourceTree = "<group>"; };
		F2BD66FE2818B7A7009701ED /* Assets.xcassets */ = {isa = PBXFileReference; lastKnownFileType = folder.assetcatalog; path = Assets.xcassets; sourceTree = "<group>"; };
		F2BD67012818B7A7009701ED /* Preview Assets.xcassets */ = {isa = PBXFileReference; lastKnownFileType = folder.assetcatalog; path = "Preview Assets.xcassets"; sourceTree = "<group>"; };
		F2BD67072818B7A7009701ED /* AboutMeTests.xctest */ = {isa = PBXFileReference; explicitFileType = wrapper.cfbundle; includeInIndex = 0; path = AboutMeTests.xctest; sourceTree = BUILT_PRODUCTS_DIR; };
		F2BD670B2818B7A7009701ED /* AboutMeTests.swift */ = {isa = PBXFileReference; lastKnownFileType = sourcecode.swift; path = AboutMeTests.swift; sourceTree = "<group>"; };
		F2BD67112818B7A7009701ED /* AboutMeUITests.xctest */ = {isa = PBXFileReference; explicitFileType = wrapper.cfbundle; includeInIndex = 0; path = AboutMeUITests.xctest; sourceTree = BUILT_PRODUCTS_DIR; };
		F2BD67152818B7A7009701ED /* AboutMeUITests.swift */ = {isa = PBXFileReference; lastKnownFileType = sourcecode.swift; path = AboutMeUITests.swift; sourceTree = "<group>"; };
		F2BD67172818B7A7009701ED /* AboutMeUITestsLaunchTests.swift */ = {isa = PBXFileReference; lastKnownFileType = sourcecode.swift; path = AboutMeUITestsLaunchTests.swift; sourceTree = "<group>"; };
/* End PBXFileReference section */

/* Begin PBXFrameworksBuildPhase section */
		F2BD66F42818B7A6009701ED /* Frameworks */ = {
			isa = PBXFrameworksBuildPhase;
			buildActionMask = 2147483647;
			files = (
			);
			runOnlyForDeploymentPostprocessing = 0;
		};
		F2BD67042818B7A7009701ED /* Frameworks */ = {
			isa = PBXFrameworksBuildPhase;
			buildActionMask = 2147483647;
			files = (
			);
			runOnlyForDeploymentPostprocessing = 0;
		};
		F2BD670E2818B7A7009701ED /* Frameworks */ = {
			isa = PBXFrameworksBuildPhase;
			buildActionMask = 2147483647;
			files = (
			);
			runOnlyForDeploymentPostprocessing = 0;
		};
/* End PBXFrameworksBuildPhase section */

/* Begin PBXGroup section */
		F210EE49281CAF680091951E /* Protocols */ = {
			isa = PBXGroup;
			children = (
				F210EE3D281C37A60091951E /* ComponentFactory.swift */,
				F210EE4A281CAFA20091951E /* WebViewRepresentable.swift */,
				F210EE50281D83A60091951E /* AnimatableScroll.swift */,
			);
			path = Protocols;
			sourceTree = "<group>";
		};
		F210EE58281E0C950091951E /* MainScreen */ = {
			isa = PBXGroup;
			children = (
				F2BD66FC2818B7A6009701ED /* MainScreenView.swift */,
			);
			path = MainScreen;
			sourceTree = "<group>";
		};
		F22E08802818EA3A00EB4768 /* Extensions */ = {
			isa = PBXGroup;
			children = (
				F22E08812818EA4900EB4768 /* String+Utils.swift */,
			);
			path = Extensions;
			sourceTree = "<group>";
		};
		F295BECF2821B14F00B30346 /* UnitTests */ = {
			isa = PBXGroup;
			children = (
				F2BD670A2818B7A7009701ED /* AboutMeTests */,
				F2BD67142818B7A7009701ED /* AboutMeUITests */,
			);
			path = UnitTests;
			sourceTree = "<group>";
		};
		F2BD66EE2818B7A6009701ED = {
			isa = PBXGroup;
			children = (
				F2BD66F92818B7A6009701ED /* AboutMe */,
				F295BECF2821B14F00B30346 /* UnitTests */,
				F2BD66F82818B7A6009701ED /* Products */,
			);
			sourceTree = "<group>";
		};
		F2BD66F82818B7A6009701ED /* Products */ = {
			isa = PBXGroup;
			children = (
				F2BD66F72818B7A6009701ED /* AboutMe.app */,
				F2BD67072818B7A7009701ED /* AboutMeTests.xctest */,
				F2BD67112818B7A7009701ED /* AboutMeUITests.xctest */,
			);
			name = Products;
			sourceTree = "<group>";
		};
		F2BD66F92818B7A6009701ED /* AboutMe */ = {
			isa = PBXGroup;
			children = (
				F2BD67272818B7C9009701ED /* Shared */,
				F210EE49281CAF680091951E /* Protocols */,
				F2BD67242818B7B7009701ED /* Model */,
				F2BD67262818B7C3009701ED /* View */,
				F2BD67252818B7BF009701ED /* ViewModel */,
				F22E08802818EA3A00EB4768 /* Extensions */,
			);
			path = AboutMe;
			sourceTree = "<group>";
		};
		F2BD67002818B7A7009701ED /* Preview Content */ = {
			isa = PBXGroup;
			children = (
				F2BD67012818B7A7009701ED /* Preview Assets.xcassets */,
			);
			path = "Preview Content";
			sourceTree = "<group>";
		};
		F2BD670A2818B7A7009701ED /* AboutMeTests */ = {
			isa = PBXGroup;
			children = (
				F295BECD2821942D00B30346 /* TestDummy.swift */,
				F2BD670B2818B7A7009701ED /* AboutMeTests.swift */,
			);
			path = AboutMeTests;
			sourceTree = "<group>";
		};
		F2BD67142818B7A7009701ED /* AboutMeUITests */ = {
			isa = PBXGroup;
			children = (
				F2BD67152818B7A7009701ED /* AboutMeUITests.swift */,
				F2BD67172818B7A7009701ED /* AboutMeUITestsLaunchTests.swift */,
			);
			path = AboutMeUITests;
			sourceTree = "<group>";
		};
		F2BD67242818B7B7009701ED /* Model */ = {
			isa = PBXGroup;
			children = (
				F210EE38281ACA980091951E /* AvailableContacts.swift */,
				F22E08832818F2F300EB4768 /* ProgrammingLanguages.swift */,
				F22E08852818F2FA00EB4768 /* MainScreenSubview.swift */,
				F22E088D281A1E1000EB4768 /* NavigationConfigurator.swift */,
				F210EE3A281AE4630091951E /* WebView.swift */,
				F210EE43281C99BE0091951E /* BlurredView.swift */,
				F210EE52281D875D0091951E /* Applications.swift */,
				F210EE54281D87680091951E /* TechSkills.swift */,
				F210EE5F281EC4F40091951E /* ExperienceItem.swift */,
				F295BECB2820D2B600B30346 /* HapticsManager.swift */,
			);
			path = Model;
			sourceTree = "<group>";
		};
		F2BD67252818B7BF009701ED /* ViewModel */ = {
			isa = PBXGroup;
			children = (
				F210EE36281AC4C40091951E /* MainScreenViewModel.swift */,
				F210EE47281CA9960091951E /* ModalViewModel.swift */,
			);
			path = ViewModel;
			sourceTree = "<group>";
		};
		F2BD67262818B7C3009701ED /* View */ = {
			isa = PBXGroup;
			children = (
				F210EE58281E0C950091951E /* MainScreen */,
				F210EE45281C9AF20091951E /* ModalView.swift */,
				F210EE4E281D62DC0091951E /* HorizontalCarouselView.swift */,
				F210EE56281DF9B20091951E /* BlurredRectangleView.swift */,
			);
			path = View;
			sourceTree = "<group>";
		};
		F2BD67272818B7C9009701ED /* Shared */ = {
			isa = PBXGroup;
			children = (
				F2BD66FA2818B7A6009701ED /* AboutMeApp.swift */,
				F2BD66FE2818B7A7009701ED /* Assets.xcassets */,
				F2BD67002818B7A7009701ED /* Preview Content */,
			);
			path = Shared;
			sourceTree = "<group>";
		};
/* End PBXGroup section */

/* Begin PBXNativeTarget section */
		F2BD66F62818B7A6009701ED /* AboutMe */ = {
			isa = PBXNativeTarget;
			buildConfigurationList = F2BD671B2818B7A7009701ED /* Build configuration list for PBXNativeTarget "AboutMe" */;
			buildPhases = (
				F2BD66F32818B7A6009701ED /* Sources */,
				F2BD66F42818B7A6009701ED /* Frameworks */,
				F2BD66F52818B7A6009701ED /* Resources */,
			);
			buildRules = (
			);
			dependencies = (
			);
			name = AboutMe;
			productName = AboutMe;
			productReference = F2BD66F72818B7A6009701ED /* AboutMe.app */;
			productType = "com.apple.product-type.application";
		};
		F2BD67062818B7A7009701ED /* AboutMeTests */ = {
			isa = PBXNativeTarget;
			buildConfigurationList = F2BD671E2818B7A7009701ED /* Build configuration list for PBXNativeTarget "AboutMeTests" */;
			buildPhases = (
				F2BD67032818B7A7009701ED /* Sources */,
				F2BD67042818B7A7009701ED /* Frameworks */,
				F2BD67052818B7A7009701ED /* Resources */,
			);
			buildRules = (
			);
			dependencies = (
				F2BD67092818B7A7009701ED /* PBXTargetDependency */,
			);
			name = AboutMeTests;
			productName = AboutMeTests;
			productReference = F2BD67072818B7A7009701ED /* AboutMeTests.xctest */;
			productType = "com.apple.product-type.bundle.unit-test";
		};
		F2BD67102818B7A7009701ED /* AboutMeUITests */ = {
			isa = PBXNativeTarget;
			buildConfigurationList = F2BD67212818B7A7009701ED /* Build configuration list for PBXNativeTarget "AboutMeUITests" */;
			buildPhases = (
				F2BD670D2818B7A7009701ED /* Sources */,
				F2BD670E2818B7A7009701ED /* Frameworks */,
				F2BD670F2818B7A7009701ED /* Resources */,
			);
			buildRules = (
			);
			dependencies = (
				F2BD67132818B7A7009701ED /* PBXTargetDependency */,
			);
			name = AboutMeUITests;
			productName = AboutMeUITests;
			productReference = F2BD67112818B7A7009701ED /* AboutMeUITests.xctest */;
			productType = "com.apple.product-type.bundle.ui-testing";
		};
/* End PBXNativeTarget section */

/* Begin PBXProject section */
		F2BD66EF2818B7A6009701ED /* Project object */ = {
			isa = PBXProject;
			attributes = {
				BuildIndependentTargetsInParallel = 1;
				LastSwiftUpdateCheck = 1330;
				LastUpgradeCheck = 1330;
				TargetAttributes = {
					F2BD66F62818B7A6009701ED = {
						CreatedOnToolsVersion = 13.3;
					};
					F2BD67062818B7A7009701ED = {
						CreatedOnToolsVersion = 13.3;
						TestTargetID = F2BD66F62818B7A6009701ED;
					};
					F2BD67102818B7A7009701ED = {
						CreatedOnToolsVersion = 13.3;
						TestTargetID = F2BD66F62818B7A6009701ED;
					};
				};
			};
			buildConfigurationList = F2BD66F22818B7A6009701ED /* Build configuration list for PBXProject "AboutMe" */;
			compatibilityVersion = "Xcode 13.0";
			developmentRegion = en;
			hasScannedForEncodings = 0;
			knownRegions = (
				en,
				Base,
			);
			mainGroup = F2BD66EE2818B7A6009701ED;
			productRefGroup = F2BD66F82818B7A6009701ED /* Products */;
			projectDirPath = "";
			projectRoot = "";
			targets = (
				F2BD66F62818B7A6009701ED /* AboutMe */,
				F2BD67062818B7A7009701ED /* AboutMeTests */,
				F2BD67102818B7A7009701ED /* AboutMeUITests */,
			);
		};
/* End PBXProject section */

/* Begin PBXResourcesBuildPhase section */
		F2BD66F52818B7A6009701ED /* Resources */ = {
			isa = PBXResourcesBuildPhase;
			buildActionMask = 2147483647;
			files = (
				F2BD67022818B7A7009701ED /* Preview Assets.xcassets in Resources */,
				F2BD66FF2818B7A7009701ED /* Assets.xcassets in Resources */,
			);
			runOnlyForDeploymentPostprocessing = 0;
		};
		F2BD67052818B7A7009701ED /* Resources */ = {
			isa = PBXResourcesBuildPhase;
			buildActionMask = 2147483647;
			files = (
			);
			runOnlyForDeploymentPostprocessing = 0;
		};
		F2BD670F2818B7A7009701ED /* Resources */ = {
			isa = PBXResourcesBuildPhase;
			buildActionMask = 2147483647;
			files = (
			);
			runOnlyForDeploymentPostprocessing = 0;
		};
/* End PBXResourcesBuildPhase section */

/* Begin PBXSourcesBuildPhase section */
		F2BD66F32818B7A6009701ED /* Sources */ = {
			isa = PBXSourcesBuildPhase;
			buildActionMask = 2147483647;
			files = (
				F22E08862818F2FA00EB4768 /* MainScreenSubview.swift in Sources */,
				F2BD66FD2818B7A6009701ED /* MainScreenView.swift in Sources */,
				F2BD66FB2818B7A6009701ED /* AboutMeApp.swift in Sources */,
				F210EE3E281C37A70091951E /* ComponentFactory.swift in Sources */,
				F295BECC2820D2B600B30346 /* HapticsManager.swift in Sources */,
				F210EE39281ACA980091951E /* AvailableContacts.swift in Sources */,
				F210EE4B281CAFA20091951E /* WebViewRepresentable.swift in Sources */,
				F210EE48281CA9960091951E /* ModalViewModel.swift in Sources */,
				F210EE37281AC4C40091951E /* MainScreenViewModel.swift in Sources */,
				F210EE55281D87680091951E /* TechSkills.swift in Sources */,
				F210EE53281D875D0091951E /* Applications.swift in Sources */,
				F210EE4F281D62DC0091951E /* HorizontalCarouselView.swift in Sources */,
				F210EE60281EC4F40091951E /* ExperienceItem.swift in Sources */,
				F210EE46281C9AF20091951E /* ModalView.swift in Sources */,
				F22E08822818EA4900EB4768 /* String+Utils.swift in Sources */,
				F210EE51281D83A60091951E /* AnimatableScroll.swift in Sources */,
				F22E088E281A1E1000EB4768 /* NavigationConfigurator.swift in Sources */,
				F22E08842818F2F300EB4768 /* ProgrammingLanguages.swift in Sources */,
				F210EE57281DF9B20091951E /* BlurredRectangleView.swift in Sources */,
				F210EE3B281AE4630091951E /* WebView.swift in Sources */,
				F210EE44281C99BE0091951E /* BlurredView.swift in Sources */,
			);
			runOnlyForDeploymentPostprocessing = 0;
		};
		F2BD67032818B7A7009701ED /* Sources */ = {
			isa = PBXSourcesBuildPhase;
			buildActionMask = 2147483647;
			files = (
				F295BECE2821942D00B30346 /* TestDummy.swift in Sources */,
				F2BD670C2818B7A7009701ED /* AboutMeTests.swift in Sources */,
			);
			runOnlyForDeploymentPostprocessing = 0;
		};
		F2BD670D2818B7A7009701ED /* Sources */ = {
			isa = PBXSourcesBuildPhase;
			buildActionMask = 2147483647;
			files = (
				F2BD67182818B7A7009701ED /* AboutMeUITestsLaunchTests.swift in Sources */,
				F2BD67162818B7A7009701ED /* AboutMeUITests.swift in Sources */,
			);
			runOnlyForDeploymentPostprocessing = 0;
		};
/* End PBXSourcesBuildPhase section */

/* Begin PBXTargetDependency section */
		F2BD67092818B7A7009701ED /* PBXTargetDependency */ = {
			isa = PBXTargetDependency;
			target = F2BD66F62818B7A6009701ED /* AboutMe */;
			targetProxy = F2BD67082818B7A7009701ED /* PBXContainerItemProxy */;
		};
		F2BD67132818B7A7009701ED /* PBXTargetDependency */ = {
			isa = PBXTargetDependency;
			target = F2BD66F62818B7A6009701ED /* AboutMe */;
			targetProxy = F2BD67122818B7A7009701ED /* PBXContainerItemProxy */;
		};
/* End PBXTargetDependency section */

/* Begin XCBuildConfiguration section */
		F2BD67192818B7A7009701ED /* Debug */ = {
			isa = XCBuildConfiguration;
			buildSettings = {
				ALWAYS_SEARCH_USER_PATHS = NO;
				CLANG_ANALYZER_NONNULL = YES;
				CLANG_ANALYZER_NUMBER_OBJECT_CONVERSION = YES_AGGRESSIVE;
				CLANG_CXX_LANGUAGE_STANDARD = "gnu++17";
				CLANG_ENABLE_MODULES = YES;
				CLANG_ENABLE_OBJC_ARC = YES;
				CLANG_ENABLE_OBJC_WEAK = YES;
				CLANG_WARN_BLOCK_CAPTURE_AUTORELEASING = YES;
				CLANG_WARN_BOOL_CONVERSION = YES;
				CLANG_WARN_COMMA = YES;
				CLANG_WARN_CONSTANT_CONVERSION = YES;
				CLANG_WARN_DEPRECATED_OBJC_IMPLEMENTATIONS = YES;
				CLANG_WARN_DIRECT_OBJC_ISA_USAGE = YES_ERROR;
				CLANG_WARN_DOCUMENTATION_COMMENTS = YES;
				CLANG_WARN_EMPTY_BODY = YES;
				CLANG_WARN_ENUM_CONVERSION = YES;
				CLANG_WARN_INFINITE_RECURSION = YES;
				CLANG_WARN_INT_CONVERSION = YES;
				CLANG_WARN_NON_LITERAL_NULL_CONVERSION = YES;
				CLANG_WARN_OBJC_IMPLICIT_RETAIN_SELF = YES;
				CLANG_WARN_OBJC_LITERAL_CONVERSION = YES;
				CLANG_WARN_OBJC_ROOT_CLASS = YES_ERROR;
				CLANG_WARN_QUOTED_INCLUDE_IN_FRAMEWORK_HEADER = YES;
				CLANG_WARN_RANGE_LOOP_ANALYSIS = YES;
				CLANG_WARN_STRICT_PROTOTYPES = YES;
				CLANG_WARN_SUSPICIOUS_MOVE = YES;
				CLANG_WARN_UNGUARDED_AVAILABILITY = YES_AGGRESSIVE;
				CLANG_WARN_UNREACHABLE_CODE = YES;
				CLANG_WARN__DUPLICATE_METHOD_MATCH = YES;
				COPY_PHASE_STRIP = NO;
				DEBUG_INFORMATION_FORMAT = dwarf;
				ENABLE_STRICT_OBJC_MSGSEND = YES;
				ENABLE_TESTABILITY = YES;
				GCC_C_LANGUAGE_STANDARD = gnu11;
				GCC_DYNAMIC_NO_PIC = NO;
				GCC_NO_COMMON_BLOCKS = YES;
				GCC_OPTIMIZATION_LEVEL = 0;
				GCC_PREPROCESSOR_DEFINITIONS = (
					"DEBUG=1",
					"$(inherited)",
				);
				GCC_WARN_64_TO_32_BIT_CONVERSION = YES;
				GCC_WARN_ABOUT_RETURN_TYPE = YES_ERROR;
				GCC_WARN_UNDECLARED_SELECTOR = YES;
				GCC_WARN_UNINITIALIZED_AUTOS = YES_AGGRESSIVE;
				GCC_WARN_UNUSED_FUNCTION = YES;
				GCC_WARN_UNUSED_VARIABLE = YES;
				IPHONEOS_DEPLOYMENT_TARGET = 15.4;
				MTL_ENABLE_DEBUG_INFO = INCLUDE_SOURCE;
				MTL_FAST_MATH = YES;
				ONLY_ACTIVE_ARCH = YES;
				SDKROOT = iphoneos;
				SWIFT_ACTIVE_COMPILATION_CONDITIONS = DEBUG;
				SWIFT_OPTIMIZATION_LEVEL = "-Onone";
			};
			name = Debug;
		};
		F2BD671A2818B7A7009701ED /* Release */ = {
			isa = XCBuildConfiguration;
			buildSettings = {
				ALWAYS_SEARCH_USER_PATHS = NO;
				CLANG_ANALYZER_NONNULL = YES;
				CLANG_ANALYZER_NUMBER_OBJECT_CONVERSION = YES_AGGRESSIVE;
				CLANG_CXX_LANGUAGE_STANDARD = "gnu++17";
				CLANG_ENABLE_MODULES = YES;
				CLANG_ENABLE_OBJC_ARC = YES;
				CLANG_ENABLE_OBJC_WEAK = YES;
				CLANG_WARN_BLOCK_CAPTURE_AUTORELEASING = YES;
				CLANG_WARN_BOOL_CONVERSION = YES;
				CLANG_WARN_COMMA = YES;
				CLANG_WARN_CONSTANT_CONVERSION = YES;
				CLANG_WARN_DEPRECATED_OBJC_IMPLEMENTATIONS = YES;
				CLANG_WARN_DIRECT_OBJC_ISA_USAGE = YES_ERROR;
				CLANG_WARN_DOCUMENTATION_COMMENTS = YES;
				CLANG_WARN_EMPTY_BODY = YES;
				CLANG_WARN_ENUM_CONVERSION = YES;
				CLANG_WARN_INFINITE_RECURSION = YES;
				CLANG_WARN_INT_CONVERSION = YES;
				CLANG_WARN_NON_LITERAL_NULL_CONVERSION = YES;
				CLANG_WARN_OBJC_IMPLICIT_RETAIN_SELF = YES;
				CLANG_WARN_OBJC_LITERAL_CONVERSION = YES;
				CLANG_WARN_OBJC_ROOT_CLASS = YES_ERROR;
				CLANG_WARN_QUOTED_INCLUDE_IN_FRAMEWORK_HEADER = YES;
				CLANG_WARN_RANGE_LOOP_ANALYSIS = YES;
				CLANG_WARN_STRICT_PROTOTYPES = YES;
				CLANG_WARN_SUSPICIOUS_MOVE = YES;
				CLANG_WARN_UNGUARDED_AVAILABILITY = YES_AGGRESSIVE;
				CLANG_WARN_UNREACHABLE_CODE = YES;
				CLANG_WARN__DUPLICATE_METHOD_MATCH = YES;
				COPY_PHASE_STRIP = NO;
				DEBUG_INFORMATION_FORMAT = "dwarf-with-dsym";
				ENABLE_NS_ASSERTIONS = NO;
				ENABLE_STRICT_OBJC_MSGSEND = YES;
				GCC_C_LANGUAGE_STANDARD = gnu11;
				GCC_NO_COMMON_BLOCKS = YES;
				GCC_WARN_64_TO_32_BIT_CONVERSION = YES;
				GCC_WARN_ABOUT_RETURN_TYPE = YES_ERROR;
				GCC_WARN_UNDECLARED_SELECTOR = YES;
				GCC_WARN_UNINITIALIZED_AUTOS = YES_AGGRESSIVE;
				GCC_WARN_UNUSED_FUNCTION = YES;
				GCC_WARN_UNUSED_VARIABLE = YES;
				IPHONEOS_DEPLOYMENT_TARGET = 15.4;
				MTL_ENABLE_DEBUG_INFO = NO;
				MTL_FAST_MATH = YES;
				SDKROOT = iphoneos;
				SWIFT_COMPILATION_MODE = wholemodule;
				SWIFT_OPTIMIZATION_LEVEL = "-O";
				VALIDATE_PRODUCT = YES;
			};
			name = Release;
		};
		F2BD671C2818B7A7009701ED /* Debug */ = {
			isa = XCBuildConfiguration;
			buildSettings = {
				ASSETCATALOG_COMPILER_APPICON_NAME = AppIcon;
				ASSETCATALOG_COMPILER_GLOBAL_ACCENT_COLOR_NAME = AccentColor;
				CODE_SIGN_STYLE = Automatic;
				CURRENT_PROJECT_VERSION = 1;
				DEVELOPMENT_ASSET_PATHS = "\"AboutMe/Shared/Preview Content\"";
				DEVELOPMENT_TEAM = PCUZ2B6R6H;
				ENABLE_PREVIEWS = YES;
				GENERATE_INFOPLIST_FILE = YES;
				INFOPLIST_KEY_UIApplicationSceneManifest_Generation = YES;
				INFOPLIST_KEY_UIApplicationSupportsIndirectInputEvents = YES;
				INFOPLIST_KEY_UILaunchScreen_Generation = YES;
				INFOPLIST_KEY_UISupportedInterfaceOrientations = "UIInterfaceOrientationPortrait UIInterfaceOrientationLandscapeLeft UIInterfaceOrientationLandscapeRight";
				INFOPLIST_KEY_UISupportedInterfaceOrientations_iPad = "UIInterfaceOrientationPortrait UIInterfaceOrientationPortraitUpsideDown UIInterfaceOrientationLandscapeLeft UIInterfaceOrientationLandscapeRight";
				INFOPLIST_KEY_UISupportedInterfaceOrientations_iPhone = "UIInterfaceOrientationPortrait UIInterfaceOrientationLandscapeLeft UIInterfaceOrientationLandscapeRight";
				LD_RUNPATH_SEARCH_PATHS = (
					"$(inherited)",
					"@executable_path/Frameworks",
				);
				MARKETING_VERSION = 1.0;
				PRODUCT_BUNDLE_IDENTIFIER = com.sruediger.AboutMe;
				PRODUCT_NAME = "$(TARGET_NAME)";
				SWIFT_EMIT_LOC_STRINGS = YES;
				SWIFT_VERSION = 5.0;
				TARGETED_DEVICE_FAMILY = "1,2";
			};
			name = Debug;
		};
		F2BD671D2818B7A7009701ED /* Release */ = {
			isa = XCBuildConfiguration;
			buildSettings = {
				ASSETCATALOG_COMPILER_APPICON_NAME = AppIcon;
				ASSETCATALOG_COMPILER_GLOBAL_ACCENT_COLOR_NAME = AccentColor;
				CODE_SIGN_STYLE = Automatic;
				CURRENT_PROJECT_VERSION = 1;
				DEVELOPMENT_ASSET_PATHS = "\"AboutMe/Shared/Preview Content\"";
				DEVELOPMENT_TEAM = PCUZ2B6R6H;
				ENABLE_PREVIEWS = YES;
				GENERATE_INFOPLIST_FILE = YES;
				INFOPLIST_KEY_UIApplicationSceneManifest_Generation = YES;
				INFOPLIST_KEY_UIApplicationSupportsIndirectInputEvents = YES;
				INFOPLIST_KEY_UILaunchScreen_Generation = YES;
				INFOPLIST_KEY_UISupportedInterfaceOrientations = "UIInterfaceOrientationPortrait UIInterfaceOrientationLandscapeLeft UIInterfaceOrientationLandscapeRight";
				INFOPLIST_KEY_UISupportedInterfaceOrientations_iPad = "UIInterfaceOrientationPortrait UIInterfaceOrientationPortraitUpsideDown UIInterfaceOrientationLandscapeLeft UIInterfaceOrientationLandscapeRight";
				INFOPLIST_KEY_UISupportedInterfaceOrientations_iPhone = "UIInterfaceOrientationPortrait UIInterfaceOrientationLandscapeLeft UIInterfaceOrientationLandscapeRight";
				LD_RUNPATH_SEARCH_PATHS = (
					"$(inherited)",
					"@executable_path/Frameworks",
				);
				MARKETING_VERSION = 1.0;
				PRODUCT_BUNDLE_IDENTIFIER = com.sruediger.AboutMe;
				PRODUCT_NAME = "$(TARGET_NAME)";
				SWIFT_EMIT_LOC_STRINGS = YES;
				SWIFT_VERSION = 5.0;
				TARGETED_DEVICE_FAMILY = "1,2";
			};
			name = Release;
		};
		F2BD671F2818B7A7009701ED /* Debug */ = {
			isa = XCBuildConfiguration;
			buildSettings = {
				ALWAYS_EMBED_SWIFT_STANDARD_LIBRARIES = YES;
				BUNDLE_LOADER = "$(TEST_HOST)";
				CODE_SIGN_STYLE = Automatic;
				CURRENT_PROJECT_VERSION = 1;
				DEVELOPMENT_TEAM = PCUZ2B6R6H;
				GENERATE_INFOPLIST_FILE = YES;
				IPHONEOS_DEPLOYMENT_TARGET = 15.4;
				MARKETING_VERSION = 1.0;
				PRODUCT_BUNDLE_IDENTIFIER = com.sruediger.AboutMeTests;
				PRODUCT_NAME = "$(TARGET_NAME)";
				SWIFT_EMIT_LOC_STRINGS = NO;
				SWIFT_VERSION = 5.0;
				TARGETED_DEVICE_FAMILY = "1,2";
				TEST_HOST = "$(BUILT_PRODUCTS_DIR)/AboutMe.app/AboutMe";
			};
			name = Debug;
		};
		F2BD67202818B7A7009701ED /* Release */ = {
			isa = XCBuildConfiguration;
			buildSettings = {
				ALWAYS_EMBED_SWIFT_STANDARD_LIBRARIES = YES;
				BUNDLE_LOADER = "$(TEST_HOST)";
				CODE_SIGN_STYLE = Automatic;
				CURRENT_PROJECT_VERSION = 1;
				DEVELOPMENT_TEAM = PCUZ2B6R6H;
				GENERATE_INFOPLIST_FILE = YES;
				IPHONEOS_DEPLOYMENT_TARGET = 15.4;
				MARKETING_VERSION = 1.0;
				PRODUCT_BUNDLE_IDENTIFIER = com.sruediger.AboutMeTests;
				PRODUCT_NAME = "$(TARGET_NAME)";
				SWIFT_EMIT_LOC_STRINGS = NO;
				SWIFT_VERSION = 5.0;
				TARGETED_DEVICE_FAMILY = "1,2";
				TEST_HOST = "$(BUILT_PRODUCTS_DIR)/AboutMe.app/AboutMe";
			};
			name = Release;
		};
		F2BD67222818B7A7009701ED /* Debug */ = {
			isa = XCBuildConfiguration;
			buildSettings = {
				ALWAYS_EMBED_SWIFT_STANDARD_LIBRARIES = YES;
				CODE_SIGN_STYLE = Automatic;
				CURRENT_PROJECT_VERSION = 1;
				DEVELOPMENT_TEAM = PCUZ2B6R6H;
				GENERATE_INFOPLIST_FILE = YES;
				MARKETING_VERSION = 1.0;
				PRODUCT_BUNDLE_IDENTIFIER = com.sruediger.AboutMeUITests;
				PRODUCT_NAME = "$(TARGET_NAME)";
				SWIFT_EMIT_LOC_STRINGS = NO;
				SWIFT_VERSION = 5.0;
				TARGETED_DEVICE_FAMILY = "1,2";
				TEST_TARGET_NAME = AboutMe;
			};
			name = Debug;
		};
		F2BD67232818B7A7009701ED /* Release */ = {
			isa = XCBuildConfiguration;
			buildSettings = {
				ALWAYS_EMBED_SWIFT_STANDARD_LIBRARIES = YES;
				CODE_SIGN_STYLE = Automatic;
				CURRENT_PROJECT_VERSION = 1;
				DEVELOPMENT_TEAM = PCUZ2B6R6H;
				GENERATE_INFOPLIST_FILE = YES;
				MARKETING_VERSION = 1.0;
				PRODUCT_BUNDLE_IDENTIFIER = com.sruediger.AboutMeUITests;
				PRODUCT_NAME = "$(TARGET_NAME)";
				SWIFT_EMIT_LOC_STRINGS = NO;
				SWIFT_VERSION = 5.0;
				TARGETED_DEVICE_FAMILY = "1,2";
				TEST_TARGET_NAME = AboutMe;
			};
			name = Release;
		};
/* End XCBuildConfiguration section */

/* Begin XCConfigurationList section */
		F2BD66F22818B7A6009701ED /* Build configuration list for PBXProject "AboutMe" */ = {
			isa = XCConfigurationList;
			buildConfigurations = (
				F2BD67192818B7A7009701ED /* Debug */,
				F2BD671A2818B7A7009701ED /* Release */,
			);
			defaultConfigurationIsVisible = 0;
			defaultConfigurationName = Release;
		};
		F2BD671B2818B7A7009701ED /* Build configuration list for PBXNativeTarget "AboutMe" */ = {
			isa = XCConfigurationList;
			buildConfigurations = (
				F2BD671C2818B7A7009701ED /* Debug */,
				F2BD671D2818B7A7009701ED /* Release */,
			);
			defaultConfigurationIsVisible = 0;
			defaultConfigurationName = Release;
		};
		F2BD671E2818B7A7009701ED /* Build configuration list for PBXNativeTarget "AboutMeTests" */ = {
			isa = XCConfigurationList;
			buildConfigurations = (
				F2BD671F2818B7A7009701ED /* Debug */,
				F2BD67202818B7A7009701ED /* Release */,
			);
			defaultConfigurationIsVisible = 0;
			defaultConfigurationName = Release;
		};
		F2BD67212818B7A7009701ED /* Build configuration list for PBXNativeTarget "AboutMeUITests" */ = {
			isa = XCConfigurationList;
			buildConfigurations = (
				F2BD67222818B7A7009701ED /* Debug */,
				F2BD67232818B7A7009701ED /* Release */,
			);
			defaultConfigurationIsVisible = 0;
			defaultConfigurationName = Release;
		};
/* End XCConfigurationList section */
	};
	rootObject = F2BD66EF2818B7A6009701ED /* Project object */;
}
